
Microsoft Visual Studio Solution File, Format Version 12.00
Project("{FAE04EC0-301F-11D3-BF4B-00C04F79EFBC}") = "Tests", "Tests\Tests.csproj", "{12CFB4F0-EECA-4ADE-8DAE-C24020B0659B}"
EndProject
Project("{FAE04EC0-301F-11D3-BF4B-00C04F79EFBC}") = "Lab1", "Lab1\Lab1.csproj", "{08F903B8-8E7E-48A4-A0C5-764FAAAFB6C6}"
EndProject
Global
	GlobalSection(SolutionConfigurationPlatforms) = preSolution
		Debug|Any CPU = Debug|Any CPU
		Release|Any CPU = Release|Any CPU
	EndGlobalSection
	GlobalSection(ProjectConfigurationPlatforms) = postSolution
		{12CFB4F0-EECA-4ADE-8DAE-C24020B0659B}.Debug|Any CPU.ActiveCfg = Debug|Any CPU
		{12CFB4F0-EECA-4ADE-8DAE-C24020B0659B}.Debug|Any CPU.Build.0 = Debug|Any CPU
		{12CFB4F0-EECA-4ADE-8DAE-C24020B0659B}.Release|Any CPU.ActiveCfg = Release|Any CPU
		{12CFB4F0-EECA-4ADE-8DAE-C24020B0659B}.Release|Any CPU.Build.0 = Release|Any CPU
		{08F903B8-8E7E-48A4-A0C5-764FAAAFB6C6}.Debug|Any CPU.ActiveCfg = Debug|Any CPU
		{08F903B8-8E7E-48A4-A0C5-764FAAAFB6C6}.Debug|Any CPU.Build.0 = Debug|Any CPU
		{08F903B8-8E7E-48A4-A0C5-764FAAAFB6C6}.Release|Any CPU.ActiveCfg = Release|Any CPU
		{08F903B8-8E7E-48A4-A0C5-764FAAAFB6C6}.Release|Any CPU.Build.0 = Release|Any CPU
	EndGlobalSection
EndGlobal
